// !$*UTF8*$!
{
	archiveVersion = 1;
	classes = {
	};
	objectVersion = 50;
	objects = {

/* Begin PBXBuildFile section */
		7B6BA7A42186FD6B00534652 /* AzureService.swift in Sources */ = {isa = PBXBuildFile; fileRef = 7B6BA7A32186FD6B00534652 /* AzureService.swift */; };
		7B6BA7A62186FDFF00534652 /* TTSAuthentication.swift in Sources */ = {isa = PBXBuildFile; fileRef = 7B6BA7A52186FDFE00534652 /* TTSAuthentication.swift */; };
		7B6BA7A82186FEA200534652 /* TTSHttpRequest.swift in Sources */ = {isa = PBXBuildFile; fileRef = 7B6BA7A72186FEA200534652 /* TTSHttpRequest.swift */; };
		7B6BA7AA2187031500534652 /* TTSSynthesizer.swift in Sources */ = {isa = PBXBuildFile; fileRef = 7B6BA7A92187031500534652 /* TTSSynthesizer.swift */; };
		7B6BA7AF2187069200534652 /* TTSVocalizer.swift in Sources */ = {isa = PBXBuildFile; fileRef = 7B6BA7AE2187069200534652 /* TTSVocalizer.swift */; };
		9FC9997F217B16EF00D087FC /* VoiceRecordingProtocols.swift in Sources */ = {isa = PBXBuildFile; fileRef = 9FC9997E217B16EF00D087FC /* VoiceRecordingProtocols.swift */; };
		9FC99981217B184D00D087FC /* VoiceRecordingConfigurator.swift in Sources */ = {isa = PBXBuildFile; fileRef = 9FC99980217B184D00D087FC /* VoiceRecordingConfigurator.swift */; };
		9FC99984217B189F00D087FC /* VoiceRecordingViewController.swift in Sources */ = {isa = PBXBuildFile; fileRef = 9FC99983217B189F00D087FC /* VoiceRecordingViewController.swift */; };
		9FC99987217B18FA00D087FC /* VoiceRecordingPresenter.swift in Sources */ = {isa = PBXBuildFile; fileRef = 9FC99986217B18FA00D087FC /* VoiceRecordingPresenter.swift */; };
		9FC9998A217B193C00D087FC /* VoiceRecordingInteractor.swift in Sources */ = {isa = PBXBuildFile; fileRef = 9FC99989217B193C00D087FC /* VoiceRecordingInteractor.swift */; };
		9FC9998E217B1A3300D087FC /* SpeechWorker.swift in Sources */ = {isa = PBXBuildFile; fileRef = 9FC9998D217B1A3300D087FC /* SpeechWorker.swift */; };
		9FC99991217B1EED00D087FC /* MicrosoftCognitiveServicesSpeech.framework in Frameworks */ = {isa = PBXBuildFile; fileRef = 9FC99990217B1EED00D087FC /* MicrosoftCognitiveServicesSpeech.framework */; };
		9FC99993217B1EF700D087FC /* MicrosoftCognitiveServicesSpeech.framework in Embed Frameworks */ = {isa = PBXBuildFile; fileRef = 9FC99990217B1EED00D087FC /* MicrosoftCognitiveServicesSpeech.framework */; settings = {ATTRIBUTES = (CodeSignOnCopy, RemoveHeadersOnCopy, ); }; };
		9FC9999B217B29BF00D087FC /* SpeechWorkerProtocols.swift in Sources */ = {isa = PBXBuildFile; fileRef = 9FC9999A217B29BF00D087FC /* SpeechWorkerProtocols.swift */; };
		9FC9999D217B354900D087FC /* VoiceRecordingViewController.xib in Resources */ = {isa = PBXBuildFile; fileRef = 9FC9999C217B354900D087FC /* VoiceRecordingViewController.xib */; };
		9FC999A4217B52AF00D087FC /* ChatWorkerProtocols.swift in Sources */ = {isa = PBXBuildFile; fileRef = 9FC999A3217B52AF00D087FC /* ChatWorkerProtocols.swift */; };
		9FC999A6217B536500D087FC /* ChatWorker.swift in Sources */ = {isa = PBXBuildFile; fileRef = 9FC999A5217B536500D087FC /* ChatWorker.swift */; };
		9FD46078217B0FE700C646DB /* AppDelegate.swift in Sources */ = {isa = PBXBuildFile; fileRef = 9FD46077217B0FE700C646DB /* AppDelegate.swift */; };
		9FD4607A217B0FE700C646DB /* ViewController.swift in Sources */ = {isa = PBXBuildFile; fileRef = 9FD46079217B0FE700C646DB /* ViewController.swift */; };
		9FD4607D217B0FE700C646DB /* Main.storyboard in Resources */ = {isa = PBXBuildFile; fileRef = 9FD4607B217B0FE700C646DB /* Main.storyboard */; };
		9FD4607F217B0FE800C646DB /* Assets.xcassets in Resources */ = {isa = PBXBuildFile; fileRef = 9FD4607E217B0FE800C646DB /* Assets.xcassets */; };
		9FD46082217B0FE800C646DB /* LaunchScreen.storyboard in Resources */ = {isa = PBXBuildFile; fileRef = 9FD46080217B0FE800C646DB /* LaunchScreen.storyboard */; };
/* End PBXBuildFile section */

/* Begin PBXCopyFilesBuildPhase section */
		9FC99994217B1EF700D087FC /* Embed Frameworks */ = {
			isa = PBXCopyFilesBuildPhase;
			buildActionMask = 2147483647;
			dstPath = "";
			dstSubfolderSpec = 10;
			files = (
				9FC99993217B1EF700D087FC /* MicrosoftCognitiveServicesSpeech.framework in Embed Frameworks */,
			);
			name = "Embed Frameworks";
			runOnlyForDeploymentPostprocessing = 0;
		};
/* End PBXCopyFilesBuildPhase section */

/* Begin PBXFileReference section */
		7B6BA7A32186FD6B00534652 /* AzureService.swift */ = {isa = PBXFileReference; lastKnownFileType = sourcecode.swift; path = AzureService.swift; sourceTree = "<group>"; };
		7B6BA7A52186FDFE00534652 /* TTSAuthentication.swift */ = {isa = PBXFileReference; fileEncoding = 4; lastKnownFileType = sourcecode.swift; path = TTSAuthentication.swift; sourceTree = "<group>"; };
		7B6BA7A72186FEA200534652 /* TTSHttpRequest.swift */ = {isa = PBXFileReference; fileEncoding = 4; lastKnownFileType = sourcecode.swift; path = TTSHttpRequest.swift; sourceTree = "<group>"; };
		7B6BA7A92187031500534652 /* TTSSynthesizer.swift */ = {isa = PBXFileReference; fileEncoding = 4; lastKnownFileType = sourcecode.swift; path = TTSSynthesizer.swift; sourceTree = "<group>"; };
		7B6BA7AE2187069200534652 /* TTSVocalizer.swift */ = {isa = PBXFileReference; fileEncoding = 4; lastKnownFileType = sourcecode.swift; path = TTSVocalizer.swift; sourceTree = "<group>"; };
		9FC9997E217B16EF00D087FC /* VoiceRecordingProtocols.swift */ = {isa = PBXFileReference; lastKnownFileType = sourcecode.swift; path = VoiceRecordingProtocols.swift; sourceTree = "<group>"; };
		9FC99980217B184D00D087FC /* VoiceRecordingConfigurator.swift */ = {isa = PBXFileReference; lastKnownFileType = sourcecode.swift; path = VoiceRecordingConfigurator.swift; sourceTree = "<group>"; };
		9FC99983217B189F00D087FC /* VoiceRecordingViewController.swift */ = {isa = PBXFileReference; lastKnownFileType = sourcecode.swift; path = VoiceRecordingViewController.swift; sourceTree = "<group>"; };
		9FC99986217B18FA00D087FC /* VoiceRecordingPresenter.swift */ = {isa = PBXFileReference; lastKnownFileType = sourcecode.swift; path = VoiceRecordingPresenter.swift; sourceTree = "<group>"; };
		9FC99989217B193C00D087FC /* VoiceRecordingInteractor.swift */ = {isa = PBXFileReference; lastKnownFileType = sourcecode.swift; path = VoiceRecordingInteractor.swift; sourceTree = "<group>"; };
		9FC9998D217B1A3300D087FC /* SpeechWorker.swift */ = {isa = PBXFileReference; lastKnownFileType = sourcecode.swift; path = SpeechWorker.swift; sourceTree = "<group>"; };
		9FC99990217B1EED00D087FC /* MicrosoftCognitiveServicesSpeech.framework */ = {isa = PBXFileReference; lastKnownFileType = wrapper.framework; path = MicrosoftCognitiveServicesSpeech.framework; sourceTree = "<group>"; };
		9FC99999217B1F7B00D087FC /* SMTHackathon-Bridging-Header.h */ = {isa = PBXFileReference; fileEncoding = 4; lastKnownFileType = sourcecode.c.h; path = "SMTHackathon-Bridging-Header.h"; sourceTree = "<group>"; };
		9FC9999A217B29BF00D087FC /* SpeechWorkerProtocols.swift */ = {isa = PBXFileReference; lastKnownFileType = sourcecode.swift; path = SpeechWorkerProtocols.swift; sourceTree = "<group>"; };
		9FC9999C217B354900D087FC /* VoiceRecordingViewController.xib */ = {isa = PBXFileReference; lastKnownFileType = file.xib; path = VoiceRecordingViewController.xib; sourceTree = "<group>"; };
		9FC999A3217B52AF00D087FC /* ChatWorkerProtocols.swift */ = {isa = PBXFileReference; lastKnownFileType = sourcecode.swift; path = ChatWorkerProtocols.swift; sourceTree = "<group>"; };
		9FC999A5217B536500D087FC /* ChatWorker.swift */ = {isa = PBXFileReference; lastKnownFileType = sourcecode.swift; path = ChatWorker.swift; sourceTree = "<group>"; };
		9FD46074217B0FE700C646DB /* SMT Hackathon.app */ = {isa = PBXFileReference; explicitFileType = wrapper.application; includeInIndex = 0; path = "SMT Hackathon.app"; sourceTree = BUILT_PRODUCTS_DIR; };
		9FD46077217B0FE700C646DB /* AppDelegate.swift */ = {isa = PBXFileReference; lastKnownFileType = sourcecode.swift; path = AppDelegate.swift; sourceTree = "<group>"; };
		9FD46079217B0FE700C646DB /* ViewController.swift */ = {isa = PBXFileReference; lastKnownFileType = sourcecode.swift; path = ViewController.swift; sourceTree = "<group>"; };
		9FD4607C217B0FE700C646DB /* Base */ = {isa = PBXFileReference; lastKnownFileType = file.storyboard; name = Base; path = Base.lproj/Main.storyboard; sourceTree = "<group>"; };
		9FD4607E217B0FE800C646DB /* Assets.xcassets */ = {isa = PBXFileReference; lastKnownFileType = folder.assetcatalog; path = Assets.xcassets; sourceTree = "<group>"; };
		9FD46081217B0FE800C646DB /* Base */ = {isa = PBXFileReference; lastKnownFileType = file.storyboard; name = Base; path = Base.lproj/LaunchScreen.storyboard; sourceTree = "<group>"; };
		9FD46083217B0FE800C646DB /* Info.plist */ = {isa = PBXFileReference; lastKnownFileType = text.plist.xml; path = Info.plist; sourceTree = "<group>"; };
/* End PBXFileReference section */

/* Begin PBXFrameworksBuildPhase section */
		9FD46071217B0FE700C646DB /* Frameworks */ = {
			isa = PBXFrameworksBuildPhase;
			buildActionMask = 2147483647;
			files = (
				9FC99991217B1EED00D087FC /* MicrosoftCognitiveServicesSpeech.framework in Frameworks */,
			);
			runOnlyForDeploymentPostprocessing = 0;
		};
/* End PBXFrameworksBuildPhase section */

/* Begin PBXGroup section */
		7B6BA7A22186FD5200534652 /* Azure */ = {
			isa = PBXGroup;
			children = (
				7B6BA7AE2187069200534652 /* TTSVocalizer.swift */,
				7B6BA7A92187031500534652 /* TTSSynthesizer.swift */,
				7B6BA7A72186FEA200534652 /* TTSHttpRequest.swift */,
				7B6BA7A52186FDFE00534652 /* TTSAuthentication.swift */,
				7B6BA7A32186FD6B00534652 /* AzureService.swift */,
			);
			path = Azure;
			sourceTree = "<group>";
		};
		9FC9997C217B166200D087FC /* Scenes */ = {
			isa = PBXGroup;
			children = (
				7B6BA7A22186FD5200534652 /* Azure */,
				9FC9997D217B16D400D087FC /* VoiceRecording */,
			);
			path = Scenes;
			sourceTree = "<group>";
		};
		9FC9997D217B16D400D087FC /* VoiceRecording */ = {
			isa = PBXGroup;
			children = (
				9FC99988217B191E00D087FC /* Interactor */,
				9FC99985217B18E500D087FC /* Presenter */,
				9FC99982217B189200D087FC /* View */,
				9FC9997E217B16EF00D087FC /* VoiceRecordingProtocols.swift */,
				9FC99980217B184D00D087FC /* VoiceRecordingConfigurator.swift */,
			);
			path = VoiceRecording;
			sourceTree = "<group>";
		};
		9FC99982217B189200D087FC /* View */ = {
			isa = PBXGroup;
			children = (
				9FC99983217B189F00D087FC /* VoiceRecordingViewController.swift */,
				9FC9999C217B354900D087FC /* VoiceRecordingViewController.xib */,
			);
			path = View;
			sourceTree = "<group>";
		};
		9FC99985217B18E500D087FC /* Presenter */ = {
			isa = PBXGroup;
			children = (
				9FC99986217B18FA00D087FC /* VoiceRecordingPresenter.swift */,
			);
			path = Presenter;
			sourceTree = "<group>";
		};
		9FC99988217B191E00D087FC /* Interactor */ = {
			isa = PBXGroup;
			children = (
				9FC99989217B193C00D087FC /* VoiceRecordingInteractor.swift */,
			);
			path = Interactor;
			sourceTree = "<group>";
		};
		9FC9998B217B1A0E00D087FC /* Workers */ = {
			isa = PBXGroup;
			children = (
				9FC999A1217B525E00D087FC /* ChatWorker */,
				9FC9998C217B1A1C00D087FC /* SpeechWorker */,
			);
			path = Workers;
			sourceTree = "<group>";
		};
		9FC9998C217B1A1C00D087FC /* SpeechWorker */ = {
			isa = PBXGroup;
			children = (
				9FC9998D217B1A3300D087FC /* SpeechWorker.swift */,
				9FC9999A217B29BF00D087FC /* SpeechWorkerProtocols.swift */,
			);
			path = SpeechWorker;
			sourceTree = "<group>";
		};
		9FC9998F217B1EED00D087FC /* Frameworks */ = {
			isa = PBXGroup;
			children = (
				9FC99990217B1EED00D087FC /* MicrosoftCognitiveServicesSpeech.framework */,
			);
			path = Frameworks;
			sourceTree = "<group>";
		};
		9FC999A1217B525E00D087FC /* ChatWorker */ = {
			isa = PBXGroup;
			children = (
				9FC999A5217B536500D087FC /* ChatWorker.swift */,
				9FC999A3217B52AF00D087FC /* ChatWorkerProtocols.swift */,
			);
			path = ChatWorker;
			sourceTree = "<group>";
		};
		9FD4606B217B0FE700C646DB = {
			isa = PBXGroup;
			children = (
				9FD46076217B0FE700C646DB /* SMT Hackathon */,
				9FC9998F217B1EED00D087FC /* Frameworks */,
				9FD46075217B0FE700C646DB /* Products */,
			);
			sourceTree = "<group>";
		};
		9FD46075217B0FE700C646DB /* Products */ = {
			isa = PBXGroup;
			children = (
				9FD46074217B0FE700C646DB /* SMT Hackathon.app */,
			);
			name = Products;
			sourceTree = "<group>";
		};
		9FD46076217B0FE700C646DB /* SMT Hackathon */ = {
			isa = PBXGroup;
			children = (
				9FC99999217B1F7B00D087FC /* SMTHackathon-Bridging-Header.h */,
				9FC9998B217B1A0E00D087FC /* Workers */,
				9FC9997C217B166200D087FC /* Scenes */,
				9FD46077217B0FE700C646DB /* AppDelegate.swift */,
				9FD46079217B0FE700C646DB /* ViewController.swift */,
				9FD4607B217B0FE700C646DB /* Main.storyboard */,
				9FD4607E217B0FE800C646DB /* Assets.xcassets */,
				9FD46080217B0FE800C646DB /* LaunchScreen.storyboard */,
				9FD46083217B0FE800C646DB /* Info.plist */,
			);
			path = "SMT Hackathon";
			sourceTree = "<group>";
		};
/* End PBXGroup section */

/* Begin PBXNativeTarget section */
		9FD46073217B0FE700C646DB /* SMT Hackathon */ = {
			isa = PBXNativeTarget;
			buildConfigurationList = 9FD46086217B0FE800C646DB /* Build configuration list for PBXNativeTarget "SMT Hackathon" */;
			buildPhases = (
				9FD46070217B0FE700C646DB /* Sources */,
				9FD46071217B0FE700C646DB /* Frameworks */,
				9FD46072217B0FE700C646DB /* Resources */,
				9FC99994217B1EF700D087FC /* Embed Frameworks */,
			);
			buildRules = (
			);
			dependencies = (
			);
			name = "SMT Hackathon";
			productName = "SMT Hackathon";
			productReference = 9FD46074217B0FE700C646DB /* SMT Hackathon.app */;
			productType = "com.apple.product-type.application";
		};
/* End PBXNativeTarget section */

/* Begin PBXProject section */
		9FD4606C217B0FE700C646DB /* Project object */ = {
			isa = PBXProject;
			attributes = {
				LastSwiftUpdateCheck = 1000;
				LastUpgradeCheck = 1000;
				ORGANIZATIONNAME = Zuhlke;
				TargetAttributes = {
					9FD46073217B0FE700C646DB = {
						CreatedOnToolsVersion = 10.0;
						LastSwiftMigration = 1000;
					};
				};
			};
			buildConfigurationList = 9FD4606F217B0FE700C646DB /* Build configuration list for PBXProject "SMT Hackathon" */;
			compatibilityVersion = "Xcode 9.3";
			developmentRegion = en;
			hasScannedForEncodings = 0;
			knownRegions = (
				en,
				Base,
			);
			mainGroup = 9FD4606B217B0FE700C646DB;
			productRefGroup = 9FD46075217B0FE700C646DB /* Products */;
			projectDirPath = "";
			projectRoot = "";
			targets = (
				9FD46073217B0FE700C646DB /* SMT Hackathon */,
			);
		};
/* End PBXProject section */

/* Begin PBXResourcesBuildPhase section */
		9FD46072217B0FE700C646DB /* Resources */ = {
			isa = PBXResourcesBuildPhase;
			buildActionMask = 2147483647;
			files = (
				9FD46082217B0FE800C646DB /* LaunchScreen.storyboard in Resources */,
				9FD4607F217B0FE800C646DB /* Assets.xcassets in Resources */,
				9FC9999D217B354900D087FC /* VoiceRecordingViewController.xib in Resources */,
				9FD4607D217B0FE700C646DB /* Main.storyboard in Resources */,
			);
			runOnlyForDeploymentPostprocessing = 0;
		};
/* End PBXResourcesBuildPhase section */

/* Begin PBXSourcesBuildPhase section */
		9FD46070217B0FE700C646DB /* Sources */ = {
			isa = PBXSourcesBuildPhase;
			buildActionMask = 2147483647;
			files = (
				9FC9998E217B1A3300D087FC /* SpeechWorker.swift in Sources */,
				7B6BA7A62186FDFF00534652 /* TTSAuthentication.swift in Sources */,
				7B6BA7A42186FD6B00534652 /* AzureService.swift in Sources */,
				9FD4607A217B0FE700C646DB /* ViewController.swift in Sources */,
				9FD46078217B0FE700C646DB /* AppDelegate.swift in Sources */,
				7B6BA7A82186FEA200534652 /* TTSHttpRequest.swift in Sources */,
				9FC99981217B184D00D087FC /* VoiceRecordingConfigurator.swift in Sources */,
				7B6BA7AF2187069200534652 /* TTSVocalizer.swift in Sources */,
				7B6BA7AA2187031500534652 /* TTSSynthesizer.swift in Sources */,
				9FC9998A217B193C00D087FC /* VoiceRecordingInteractor.swift in Sources */,
				9FC9999B217B29BF00D087FC /* SpeechWorkerProtocols.swift in Sources */,
				9FC9997F217B16EF00D087FC /* VoiceRecordingProtocols.swift in Sources */,
				9FC99984217B189F00D087FC /* VoiceRecordingViewController.swift in Sources */,
				9FC999A6217B536500D087FC /* ChatWorker.swift in Sources */,
				9FC99987217B18FA00D087FC /* VoiceRecordingPresenter.swift in Sources */,
				9FC999A4217B52AF00D087FC /* ChatWorkerProtocols.swift in Sources */,
			);
			runOnlyForDeploymentPostprocessing = 0;
		};
/* End PBXSourcesBuildPhase section */

/* Begin PBXVariantGroup section */
		9FD4607B217B0FE700C646DB /* Main.storyboard */ = {
			isa = PBXVariantGroup;
			children = (
				9FD4607C217B0FE700C646DB /* Base */,
			);
			name = Main.storyboard;
			sourceTree = "<group>";
		};
		9FD46080217B0FE800C646DB /* LaunchScreen.storyboard */ = {
			isa = PBXVariantGroup;
			children = (
				9FD46081217B0FE800C646DB /* Base */,
			);
			name = LaunchScreen.storyboard;
			sourceTree = "<group>";
		};
/* End PBXVariantGroup section */

/* Begin XCBuildConfiguration section */
		9FD46084217B0FE800C646DB /* Debug */ = {
			isa = XCBuildConfiguration;
			buildSettings = {
				ALWAYS_SEARCH_USER_PATHS = NO;
				CLANG_ANALYZER_NONNULL = YES;
				CLANG_ANALYZER_NUMBER_OBJECT_CONVERSION = YES_AGGRESSIVE;
				CLANG_CXX_LANGUAGE_STANDARD = "gnu++14";
				CLANG_CXX_LIBRARY = "libc++";
				CLANG_ENABLE_MODULES = YES;
				CLANG_ENABLE_OBJC_ARC = YES;
				CLANG_ENABLE_OBJC_WEAK = YES;
				CLANG_WARN_BLOCK_CAPTURE_AUTORELEASING = YES;
				CLANG_WARN_BOOL_CONVERSION = YES;
				CLANG_WARN_COMMA = YES;
				CLANG_WARN_CONSTANT_CONVERSION = YES;
				CLANG_WARN_DEPRECATED_OBJC_IMPLEMENTATIONS = YES;
				CLANG_WARN_DIRECT_OBJC_ISA_USAGE = YES_ERROR;
				CLANG_WARN_DOCUMENTATION_COMMENTS = YES;
				CLANG_WARN_EMPTY_BODY = YES;
				CLANG_WARN_ENUM_CONVERSION = YES;
				CLANG_WARN_INFINITE_RECURSION = YES;
				CLANG_WARN_INT_CONVERSION = YES;
				CLANG_WARN_NON_LITERAL_NULL_CONVERSION = YES;
				CLANG_WARN_OBJC_IMPLICIT_RETAIN_SELF = YES;
				CLANG_WARN_OBJC_LITERAL_CONVERSION = YES;
				CLANG_WARN_OBJC_ROOT_CLASS = YES_ERROR;
				CLANG_WARN_RANGE_LOOP_ANALYSIS = YES;
				CLANG_WARN_STRICT_PROTOTYPES = YES;
				CLANG_WARN_SUSPICIOUS_MOVE = YES;
				CLANG_WARN_UNGUARDED_AVAILABILITY = YES_AGGRESSIVE;
				CLANG_WARN_UNREACHABLE_CODE = YES;
				CLANG_WARN__DUPLICATE_METHOD_MATCH = YES;
				CODE_SIGN_IDENTITY = "iPhone Developer";
				COPY_PHASE_STRIP = NO;
				DEBUG_INFORMATION_FORMAT = dwarf;
				ENABLE_STRICT_OBJC_MSGSEND = YES;
				ENABLE_TESTABILITY = YES;
				GCC_C_LANGUAGE_STANDARD = gnu11;
				GCC_DYNAMIC_NO_PIC = NO;
				GCC_NO_COMMON_BLOCKS = YES;
				GCC_OPTIMIZATION_LEVEL = 0;
				GCC_PREPROCESSOR_DEFINITIONS = (
					"DEBUG=1",
					"$(inherited)",
				);
				GCC_WARN_64_TO_32_BIT_CONVERSION = YES;
				GCC_WARN_ABOUT_RETURN_TYPE = YES_ERROR;
				GCC_WARN_UNDECLARED_SELECTOR = YES;
				GCC_WARN_UNINITIALIZED_AUTOS = YES_AGGRESSIVE;
				GCC_WARN_UNUSED_FUNCTION = YES;
				GCC_WARN_UNUSED_VARIABLE = YES;
				IPHONEOS_DEPLOYMENT_TARGET = 11.0;
				MTL_ENABLE_DEBUG_INFO = INCLUDE_SOURCE;
				MTL_FAST_MATH = YES;
				ONLY_ACTIVE_ARCH = YES;
				SDKROOT = iphoneos;
				SWIFT_ACTIVE_COMPILATION_CONDITIONS = DEBUG;
				SWIFT_OPTIMIZATION_LEVEL = "-Onone";
			};
			name = Debug;
		};
		9FD46085217B0FE800C646DB /* Release */ = {
			isa = XCBuildConfiguration;
			buildSettings = {
				ALWAYS_SEARCH_USER_PATHS = NO;
				CLANG_ANALYZER_NONNULL = YES;
				CLANG_ANALYZER_NUMBER_OBJECT_CONVERSION = YES_AGGRESSIVE;
				CLANG_CXX_LANGUAGE_STANDARD = "gnu++14";
				CLANG_CXX_LIBRARY = "libc++";
				CLANG_ENABLE_MODULES = YES;
				CLANG_ENABLE_OBJC_ARC = YES;
				CLANG_ENABLE_OBJC_WEAK = YES;
				CLANG_WARN_BLOCK_CAPTURE_AUTORELEASING = YES;
				CLANG_WARN_BOOL_CONVERSION = YES;
				CLANG_WARN_COMMA = YES;
				CLANG_WARN_CONSTANT_CONVERSION = YES;
				CLANG_WARN_DEPRECATED_OBJC_IMPLEMENTATIONS = YES;
				CLANG_WARN_DIRECT_OBJC_ISA_USAGE = YES_ERROR;
				CLANG_WARN_DOCUMENTATION_COMMENTS = YES;
				CLANG_WARN_EMPTY_BODY = YES;
				CLANG_WARN_ENUM_CONVERSION = YES;
				CLANG_WARN_INFINITE_RECURSION = YES;
				CLANG_WARN_INT_CONVERSION = YES;
				CLANG_WARN_NON_LITERAL_NULL_CONVERSION = YES;
				CLANG_WARN_OBJC_IMPLICIT_RETAIN_SELF = YES;
				CLANG_WARN_OBJC_LITERAL_CONVERSION = YES;
				CLANG_WARN_OBJC_ROOT_CLASS = YES_ERROR;
				CLANG_WARN_RANGE_LOOP_ANALYSIS = YES;
				CLANG_WARN_STRICT_PROTOTYPES = YES;
				CLANG_WARN_SUSPICIOUS_MOVE = YES;
				CLANG_WARN_UNGUARDED_AVAILABILITY = YES_AGGRESSIVE;
				CLANG_WARN_UNREACHABLE_CODE = YES;
				CLANG_WARN__DUPLICATE_METHOD_MATCH = YES;
				CODE_SIGN_IDENTITY = "iPhone Developer";
				COPY_PHASE_STRIP = NO;
				DEBUG_INFORMATION_FORMAT = "dwarf-with-dsym";
				ENABLE_NS_ASSERTIONS = NO;
				ENABLE_STRICT_OBJC_MSGSEND = YES;
				GCC_C_LANGUAGE_STANDARD = gnu11;
				GCC_NO_COMMON_BLOCKS = YES;
				GCC_WARN_64_TO_32_BIT_CONVERSION = YES;
				GCC_WARN_ABOUT_RETURN_TYPE = YES_ERROR;
				GCC_WARN_UNDECLARED_SELECTOR = YES;
				GCC_WARN_UNINITIALIZED_AUTOS = YES_AGGRESSIVE;
				GCC_WARN_UNUSED_FUNCTION = YES;
				GCC_WARN_UNUSED_VARIABLE = YES;
				IPHONEOS_DEPLOYMENT_TARGET = 11.0;
				MTL_ENABLE_DEBUG_INFO = NO;
				MTL_FAST_MATH = YES;
				SDKROOT = iphoneos;
				SWIFT_COMPILATION_MODE = wholemodule;
				SWIFT_OPTIMIZATION_LEVEL = "-O";
				VALIDATE_PRODUCT = YES;
			};
			name = Release;
		};
		9FD46087217B0FE800C646DB /* Debug */ = {
			isa = XCBuildConfiguration;
			buildSettings = {
				ASSETCATALOG_COMPILER_APPICON_NAME = AppIcon;
				CLANG_ENABLE_MODULES = YES;
				CODE_SIGN_STYLE = Automatic;
				DEVELOPMENT_TEAM = GQT83GGM9E;
				FRAMEWORK_SEARCH_PATHS = (
					"$(inherited)",
					"$(PROJECT_DIR)/Frameworks",
				);
				INFOPLIST_FILE = "SMT Hackathon/Info.plist";
				LD_RUNPATH_SEARCH_PATHS = (
					"$(inherited)",
					"@executable_path/Frameworks",
				);
				PRODUCT_BUNDLE_IDENTIFIER = hk.kev.smt.hackathon2018.speaker;
				PRODUCT_NAME = "$(TARGET_NAME)";
				SWIFT_OBJC_BRIDGING_HEADER = "SMT Hackathon/SMTHackathon-Bridging-Header.h";
				SWIFT_OPTIMIZATION_LEVEL = "-Onone";
				SWIFT_VERSION = 4.2;
				TARGETED_DEVICE_FAMILY = "1,2";
			};
			name = Debug;
		};
		9FD46088217B0FE800C646DB /* Release */ = {
			isa = XCBuildConfiguration;
			buildSettings = {
				ASSETCATALOG_COMPILER_APPICON_NAME = AppIcon;
				CLANG_ENABLE_MODULES = YES;
				CODE_SIGN_STYLE = Automatic;
				DEVELOPMENT_TEAM = GQT83GGM9E;
				FRAMEWORK_SEARCH_PATHS = (
					"$(inherited)",
					"$(PROJECT_DIR)/Frameworks",
				);
				INFOPLIST_FILE = "SMT Hackathon/Info.plist";
				LD_RUNPATH_SEARCH_PATHS = (
					"$(inherited)",
					"@executable_path/Frameworks",
				);
				PRODUCT_BUNDLE_IDENTIFIER = hk.kev.smt.hackathon2018.speaker;
				PRODUCT_NAME = "$(TARGET_NAME)";
				SWIFT_OBJC_BRIDGING_HEADER = "SMT Hackathon/SMTHackathon-Bridging-Header.h";
				SWIFT_VERSION = 4.2;
				TARGETED_DEVICE_FAMILY = "1,2";
			};
			name = Release;
		};
/* End XCBuildConfiguration section */

/* Begin XCConfigurationList section */
		9FD4606F217B0FE700C646DB /* Build configuration list for PBXProject "SMT Hackathon" */ = {
			isa = XCConfigurationList;
			buildConfigurations = (
				9FD46084217B0FE800C646DB /* Debug */,
				9FD46085217B0FE800C646DB /* Release */,
			);
			defaultConfigurationIsVisible = 0;
			defaultConfigurationName = Release;
		};
		9FD46086217B0FE800C646DB /* Build configuration list for PBXNativeTarget "SMT Hackathon" */ = {
			isa = XCConfigurationList;
			buildConfigurations = (
				9FD46087217B0FE800C646DB /* Debug */,
				9FD46088217B0FE800C646DB /* Release */,
			);
			defaultConfigurationIsVisible = 0;
			defaultConfigurationName = Release;
		};
/* End XCConfigurationList section */
	};
	rootObject = 9FD4606C217B0FE700C646DB /* Project object */;
}
